
Microsoft Visual Studio Solution File, Format Version 12.00
# Visual Studio Version 16
VisualStudioVersion = 16.0.31205.134
MinimumVisualStudioVersion = 10.0.40219.1
Project("{9A19103F-16F7-4668-BE54-9A1E7A4F7556}") = "practicesamples", "practicesamples\practicesamples.csproj", "{F21478BF-9EF8-467D-ADAF-D47034587454}"
EndProject
Project("{9A19103F-16F7-4668-BE54-9A1E7A4F7556}") = "samplespractice", "samplespractice\samplespractice.csproj", "{5A93C564-2D07-4860-9C47-3773BFD96083}"
EndProject
Project("{FAE04EC0-301F-11D3-BF4B-00C04F79EFBC}") = "DOTNETPracticeSamples", "DOTNETPracticeSamples\DOTNETPracticeSamples.csproj", "{579404F3-05D2-4F73-B0D6-49C08CEB9434}"
EndProject
Global
	GlobalSection(SolutionConfigurationPlatforms) = preSolution
		Debug|Any CPU = Debug|Any CPU
		Release|Any CPU = Release|Any CPU
	EndGlobalSection
	GlobalSection(ProjectConfigurationPlatforms) = postSolution
		{F21478BF-9EF8-467D-ADAF-D47034587454}.Debug|Any CPU.ActiveCfg = Debug|Any CPU
		{F21478BF-9EF8-467D-ADAF-D47034587454}.Debug|Any CPU.Build.0 = Debug|Any CPU
		{F21478BF-9EF8-467D-ADAF-D47034587454}.Release|Any CPU.ActiveCfg = Release|Any CPU
		{F21478BF-9EF8-467D-ADAF-D47034587454}.Release|Any CPU.Build.0 = Release|Any CPU
		{5A93C564-2D07-4860-9C47-3773BFD96083}.Debug|Any CPU.ActiveCfg = Debug|Any CPU
		{5A93C564-2D07-4860-9C47-3773BFD96083}.Debug|Any CPU.Build.0 = Debug|Any CPU
		{5A93C564-2D07-4860-9C47-3773BFD96083}.Release|Any CPU.ActiveCfg = Release|Any CPU
		{5A93C564-2D07-4860-9C47-3773BFD96083}.Release|Any CPU.Build.0 = Release|Any CPU
		{579404F3-05D2-4F73-B0D6-49C08CEB9434}.Debug|Any CPU.ActiveCfg = Debug|Any CPU
		{579404F3-05D2-4F73-B0D6-49C08CEB9434}.Debug|Any CPU.Build.0 = Debug|Any CPU
		{579404F3-05D2-4F73-B0D6-49C08CEB9434}.Release|Any CPU.ActiveCfg = Release|Any CPU
		{579404F3-05D2-4F73-B0D6-49C08CEB9434}.Release|Any CPU.Build.0 = Release|Any CPU
	EndGlobalSection
	GlobalSection(SolutionProperties) = preSolution
		HideSolutionNode = FALSE
	EndGlobalSection
	GlobalSection(ExtensibilityGlobals) = postSolution
		SolutionGuid = {31BF6851-B3EE-49A3-8744-2156C5D0C4DB}
	EndGlobalSection
EndGlobal
